
Microsoft Visual Studio Solution File, Format Version 12.00
# Visual Studio 15
VisualStudioVersion = 15.0.28307.136
MinimumVisualStudioVersion = 10.0.40219.1
Project("{6EC3EE1D-3C4E-46DD-8F32-0CC8E7565705}") = "DemoBot", "DemoBot\DemoBot.fsproj", "{43BA363C-4D00-48DD-A22D-F24543323E5D}"
EndProject
Project("{6EC3EE1D-3C4E-46DD-8F32-0CC8E7565705}") = "Funogram.Keyboard", "Funogram.Keyboard\Funogram.Keyboard.fsproj", "{836AA4FE-77C0-4502-8952-55094277FFE8}"
EndProject
Project("{F2A71F9B-5D33-465A-A702-920D77279786}") = "Funogram.Keyboard.Calendar", "Funogram.Keyboard.Calendar\Funogram.Keyboard.Calendar.fsproj", "{4359C43D-A1CA-4FCC-828E-6C91F30BFEE0}"
EndProject
Global
	GlobalSection(SolutionConfigurationPlatforms) = preSolution
		Debug|Any CPU = Debug|Any CPU
		Release|Any CPU = Release|Any CPU
	EndGlobalSection
	GlobalSection(ProjectConfigurationPlatforms) = postSolution
		{43BA363C-4D00-48DD-A22D-F24543323E5D}.Debug|Any CPU.ActiveCfg = Debug|Any CPU
		{43BA363C-4D00-48DD-A22D-F24543323E5D}.Debug|Any CPU.Build.0 = Debug|Any CPU
		{43BA363C-4D00-48DD-A22D-F24543323E5D}.Release|Any CPU.ActiveCfg = Release|Any CPU
		{43BA363C-4D00-48DD-A22D-F24543323E5D}.Release|Any CPU.Build.0 = Release|Any CPU
		{836AA4FE-77C0-4502-8952-55094277FFE8}.Debug|Any CPU.ActiveCfg = Debug|Any CPU
		{836AA4FE-77C0-4502-8952-55094277FFE8}.Debug|Any CPU.Build.0 = Debug|Any CPU
		{836AA4FE-77C0-4502-8952-55094277FFE8}.Release|Any CPU.ActiveCfg = Release|Any CPU
		{836AA4FE-77C0-4502-8952-55094277FFE8}.Release|Any CPU.Build.0 = Release|Any CPU
		{4359C43D-A1CA-4FCC-828E-6C91F30BFEE0}.Debug|Any CPU.ActiveCfg = Debug|Any CPU
		{4359C43D-A1CA-4FCC-828E-6C91F30BFEE0}.Debug|Any CPU.Build.0 = Debug|Any CPU
		{4359C43D-A1CA-4FCC-828E-6C91F30BFEE0}.Release|Any CPU.ActiveCfg = Release|Any CPU
		{4359C43D-A1CA-4FCC-828E-6C91F30BFEE0}.Release|Any CPU.Build.0 = Release|Any CPU
	EndGlobalSection
	GlobalSection(SolutionProperties) = preSolution
		HideSolutionNode = FALSE
	EndGlobalSection
	GlobalSection(ExtensibilityGlobals) = postSolution
		SolutionGuid = {9A070262-BE3F-43D4-8CC2-96F2EDB2C77E}
	EndGlobalSection
EndGlobal
